github.com/brys0/wui-layered v0.0.0-20241104191604-1a32fbc9a246 h1:ZdFJk75hqEL54Qq/yGuWe0y8/B1ddw+INteDmgF9VTo=
github.com/brys0/wui-layered v0.0.0-20241104191604-1a32fbc9a246/go.mod h1:qn5SiwnpNh5XACqz/HYP6R2yKsfSG/LUmIb8g3DzxuY=
github.com/brys0/wui-layered/v2 v2.0.0-20241104181441-1933b4aab940 h1:et+mOP/6s/1yuK2kTAEBqUu1sxFn2LNgnsvfPQEA6G0=
github.com/brys0/wui-layered/v2 v2.0.0-20241104181441-1933b4aab940/go.mod h1:hoequBmFRWJpZIt35aceP+FkYSA6jp0lHPHdA/98FcI=
github.com/brys0/wui-layered/v2 v2.0.0-20241104191604-1a32fbc9a246 h1:gCCDCdi+5t9wYlHgNA+40E8bVps2l5PAmhOCs4uTCtQ=
github.com/brys0/wui-layered/v2 v2.0.0-20241104191604-1a32fbc9a246/go.mod h1:hoequBmFRWJpZIt35aceP+FkYSA6jp0lHPHdA/98FcI=
github.com/brys0/wui-layered/v2 v2.0.0-20241104192612-5aaf322666bc h1:RicwCGI37rcoL2OUoTHZ+fk9VDqr2s7R+nutnbhRtF4=
github.com/brys0/wui-layered/v2 v2.0.0-20241104192612-5aaf322666bc/go.mod h1:hoequBmFRWJpZIt35aceP+FkYSA6jp0lHPHdA/98FcI=
github.com/ebitengine/purego v0.7.1 h1:6/55d26lG3o9VCZX8lping+bZcmShseiqlh2bnUDiPA=
github.com/ebitengine/purego v0.7.1/go.mod h1:ah1In8AOtksoNK6yk5z1HTJeUkC1Ez4Wk2idgGslMwQ=
github.com/gen2brain/go-mpv v0.2.3 h1:TahUj8gqxBG+M60Is1b45dMX+3cascO3yYI2CRobemo=
github.com/gen2brain/go-mpv v0.2.3/go.mod h1:uoUJrB+ThHdshR1l/E8nvaCqBWpUBOmUEp2dgbfphUk=
github.com/gonutz/check v1.2.0 h1:PVjoa4xwUU0XAH4/6mdg4kJ9BCCTIiwmBxImLJxCkp8=
github.com/gonutz/check v1.2.0/go.mod h1:J5ndBcNQd4fv3I+Moevk4PXZoyXRamwwclm6dDgAuyA=
github.com/gonutz/check v1.3.0/go.mod h1:J5ndBcNQd4fv3I+Moevk4PXZoyXRamwwclm6dDgAuyA=
github.com/gonutz/w32/v2 v2.2.2/go.mod h1:MgtHx0AScDVNKyB+kjyPder4xIi3XAcHS6LDDU2DmdE=
github.com/gonutz/w32/v2 v2.2.4/go.mod h1:MgtHx0AScDVNKyB+kjyPder4xIi3XAcHS6LDDU2DmdE=
github.com/gonutz/w32/v2 v2.11.1 h1:plG738ZY7VIkPGf3adZ6lFeAf2evCKrULKyZT5GrPoc=
github.com/gonutz/w32/v2 v2.11.1/go.mod h1:MgtHx0AScDVNKyB+kjyPder4xIi3XAcHS6LDDU2DmdE=
github.com/gonutz/w32/v3 v3.0.0-beta9 h1:yyZyOtSojCZAWDN1PUGZnneijE11D2MPc2JrolVywKM=
github.com/gonutz/w32/v3 v3.0.0-beta9/go.mod h1:npGF0QKyy6UQrht7jooAZ4Ugv2t0S4fzMbgvpc7xuTU=
github.com/gonutz/wui/v2 v2.8.1 h1:F1V+1OC/Ze9bQYY2WTOmgkGdSFN+rQAUs+vW5MzXrXI=
github.com/gonutz/wui/v2 v2.8.1/go.mod h1:4twV9Ka+OwAr7Fy12YSJuAy5e4u8uTHk4YbxFyguheo=
golang.org/x/sys v0.20.0 h1:Od9JTbYCk261bKm4M/mw7AklTlFYIa0bIp9BgSm1S8Y=
golang.org/x/sys v0.20.0/go.mod h1:/VUhepiaJMQUp4+oa/7Zr1D23ma6VTLIYjOOTFZPUcA=
